
Microsoft Visual Studio Solution File, Format Version 12.00
# Visual Studio 2012
Project("{FAE04EC0-301F-11D3-BF4B-00C04F79EFBC}") = "CustomControlHelloWorld", "CustomControlHelloWorld\CustomControlHelloWorld.csproj", "{71CEE6E1-62BE-4BF4-854E-978C2FCEABB3}"
EndProject
Global
	GlobalSection(SolutionConfigurationPlatforms) = preSolution
		Debug|Any CPU = Debug|Any CPU
		Release|Any CPU = Release|Any CPU
	EndGlobalSection
	GlobalSection(ProjectConfigurationPlatforms) = postSolution
		{71CEE6E1-62BE-4BF4-854E-978C2FCEABB3}.Debug|Any CPU.ActiveCfg = Debug|Any CPU
		{71CEE6E1-62BE-4BF4-854E-978C2FCEABB3}.Debug|Any CPU.Build.0 = Debug|Any CPU
		{71CEE6E1-62BE-4BF4-854E-978C2FCEABB3}.Release|Any CPU.ActiveCfg = Release|Any CPU
		{71CEE6E1-62BE-4BF4-854E-978C2FCEABB3}.Release|Any CPU.Build.0 = Release|Any CPU
	EndGlobalSection
	GlobalSection(SolutionProperties) = preSolution
		HideSolutionNode = FALSE
	EndGlobalSection
EndGlobal
